
Microsoft Visual Studio Solution File, Format Version 12.00
# Visual Studio Version 17
VisualStudioVersion = 17.8.34309.116
MinimumVisualStudioVersion = 10.0.40219.1
Project("{2150E333-8FDC-42A3-9474-1A3956D46DE8}") = "PoetryService", "PoetryService", "{547F373A-232E-49EF-BD38-151D31750991}"
EndProject
Project("{9A19103F-16F7-4668-BE54-9A1E7A4F7556}") = "DataAccess", "DataAccess\DataAccess.csproj", "{9BF106C5-86BC-4F0E-A7B5-59C629ACAE51}"
EndProject
Project("{9A19103F-16F7-4668-BE54-9A1E7A4F7556}") = "BusinessLogic", "BusinessLogic\BusinessLogic.csproj", "{B064B667-C308-462E-BB2D-B2D2CC994E44}"
EndProject
Project("{9A19103F-16F7-4668-BE54-9A1E7A4F7556}") = "Presentation", "Presentation\Presentation.csproj", "{3F039034-CCFA-4E33-A163-885B07D161B8}"
EndProject
Project("{2150E333-8FDC-42A3-9474-1A3956D46DE8}") = "UserService", "UserService", "{B9273E9F-DECC-4E64-8AB7-6A70C38E952A}"
EndProject
Project("{9A19103F-16F7-4668-BE54-9A1E7A4F7556}") = "DAL.User", "DAL.User\DAL.User.csproj", "{550354B7-40D4-40C0-B55A-EFCBB05B6D86}"
EndProject
Project("{9A19103F-16F7-4668-BE54-9A1E7A4F7556}") = "BLL.User", "BLL\BLL.User.csproj", "{0F2F4DBF-9160-438F-B594-A14E35AEDF0E}"
EndProject
Project("{9A19103F-16F7-4668-BE54-9A1E7A4F7556}") = "API.User", "API.User\API.User.csproj", "{33F738D1-B9B3-4832-BA2E-2F1546193892}"
EndProject
Project("{9A19103F-16F7-4668-BE54-9A1E7A4F7556}") = "Contract", "Contract\Contract.csproj", "{938B493D-4278-420B-A428-5F2D604C2FD9}"
EndProject
Project("{9A19103F-16F7-4668-BE54-9A1E7A4F7556}") = "OcelotGateWay", "OcelotGateWay\OcelotGateWay.csproj", "{9F4C24D8-CE6E-4C2C-B6E6-BCADC924DDC8}"
EndProject
Project("{9A19103F-16F7-4668-BE54-9A1E7A4F7556}") = "PoetryTesting", "PoetryTesting\PoetryTesting.csproj", "{987AAA3F-86D5-491B-8AFC-8E6EB433BCB1}"
EndProject
Project("{9A19103F-16F7-4668-BE54-9A1E7A4F7556}") = "PoetryServiceTest", "PoetryServiceTest\PoetryServiceTest.csproj", "{90B71738-B053-4A00-8073-F204C820BDD3}"
EndProject
Project("{9A19103F-16F7-4668-BE54-9A1E7A4F7556}") = "ApiTesting", "ApiTesting\ApiTesting.csproj", "{C1384447-084D-4F07-A92C-FECA86756526}"
EndProject
Project("{FAE04EC0-301F-11D3-BF4B-00C04F79EFBC}") = "IntegrationTests", "IntegrationTests\IntegrationTests.csproj", "{BCEA6ABA-3B5B-4BE5-B61A-77E5F714156A}"
EndProject
Global
	GlobalSection(SolutionConfigurationPlatforms) = preSolution
		Debug|Any CPU = Debug|Any CPU
		Release|Any CPU = Release|Any CPU
	EndGlobalSection
	GlobalSection(ProjectConfigurationPlatforms) = postSolution
		{9BF106C5-86BC-4F0E-A7B5-59C629ACAE51}.Debug|Any CPU.ActiveCfg = Debug|Any CPU
		{9BF106C5-86BC-4F0E-A7B5-59C629ACAE51}.Debug|Any CPU.Build.0 = Debug|Any CPU
		{9BF106C5-86BC-4F0E-A7B5-59C629ACAE51}.Release|Any CPU.ActiveCfg = Release|Any CPU
		{9BF106C5-86BC-4F0E-A7B5-59C629ACAE51}.Release|Any CPU.Build.0 = Release|Any CPU
		{B064B667-C308-462E-BB2D-B2D2CC994E44}.Debug|Any CPU.ActiveCfg = Debug|Any CPU
		{B064B667-C308-462E-BB2D-B2D2CC994E44}.Debug|Any CPU.Build.0 = Debug|Any CPU
		{B064B667-C308-462E-BB2D-B2D2CC994E44}.Release|Any CPU.ActiveCfg = Release|Any CPU
		{B064B667-C308-462E-BB2D-B2D2CC994E44}.Release|Any CPU.Build.0 = Release|Any CPU
		{3F039034-CCFA-4E33-A163-885B07D161B8}.Debug|Any CPU.ActiveCfg = Debug|Any CPU
		{3F039034-CCFA-4E33-A163-885B07D161B8}.Debug|Any CPU.Build.0 = Debug|Any CPU
		{3F039034-CCFA-4E33-A163-885B07D161B8}.Release|Any CPU.ActiveCfg = Release|Any CPU
		{3F039034-CCFA-4E33-A163-885B07D161B8}.Release|Any CPU.Build.0 = Release|Any CPU
		{550354B7-40D4-40C0-B55A-EFCBB05B6D86}.Debug|Any CPU.ActiveCfg = Debug|Any CPU
		{550354B7-40D4-40C0-B55A-EFCBB05B6D86}.Debug|Any CPU.Build.0 = Debug|Any CPU
		{550354B7-40D4-40C0-B55A-EFCBB05B6D86}.Release|Any CPU.ActiveCfg = Release|Any CPU
		{550354B7-40D4-40C0-B55A-EFCBB05B6D86}.Release|Any CPU.Build.0 = Release|Any CPU
		{0F2F4DBF-9160-438F-B594-A14E35AEDF0E}.Debug|Any CPU.ActiveCfg = Debug|Any CPU
		{0F2F4DBF-9160-438F-B594-A14E35AEDF0E}.Debug|Any CPU.Build.0 = Debug|Any CPU
		{0F2F4DBF-9160-438F-B594-A14E35AEDF0E}.Release|Any CPU.ActiveCfg = Release|Any CPU
		{0F2F4DBF-9160-438F-B594-A14E35AEDF0E}.Release|Any CPU.Build.0 = Release|Any CPU
		{33F738D1-B9B3-4832-BA2E-2F1546193892}.Debug|Any CPU.ActiveCfg = Debug|Any CPU
		{33F738D1-B9B3-4832-BA2E-2F1546193892}.Debug|Any CPU.Build.0 = Debug|Any CPU
		{33F738D1-B9B3-4832-BA2E-2F1546193892}.Release|Any CPU.ActiveCfg = Release|Any CPU
		{33F738D1-B9B3-4832-BA2E-2F1546193892}.Release|Any CPU.Build.0 = Release|Any CPU
		{938B493D-4278-420B-A428-5F2D604C2FD9}.Debug|Any CPU.ActiveCfg = Debug|Any CPU
		{938B493D-4278-420B-A428-5F2D604C2FD9}.Debug|Any CPU.Build.0 = Debug|Any CPU
		{938B493D-4278-420B-A428-5F2D604C2FD9}.Release|Any CPU.ActiveCfg = Release|Any CPU
		{938B493D-4278-420B-A428-5F2D604C2FD9}.Release|Any CPU.Build.0 = Release|Any CPU
		{9F4C24D8-CE6E-4C2C-B6E6-BCADC924DDC8}.Debug|Any CPU.ActiveCfg = Debug|Any CPU
		{9F4C24D8-CE6E-4C2C-B6E6-BCADC924DDC8}.Debug|Any CPU.Build.0 = Debug|Any CPU
		{9F4C24D8-CE6E-4C2C-B6E6-BCADC924DDC8}.Release|Any CPU.ActiveCfg = Release|Any CPU
		{9F4C24D8-CE6E-4C2C-B6E6-BCADC924DDC8}.Release|Any CPU.Build.0 = Release|Any CPU
		{987AAA3F-86D5-491B-8AFC-8E6EB433BCB1}.Debug|Any CPU.ActiveCfg = Debug|Any CPU
		{987AAA3F-86D5-491B-8AFC-8E6EB433BCB1}.Debug|Any CPU.Build.0 = Debug|Any CPU
		{987AAA3F-86D5-491B-8AFC-8E6EB433BCB1}.Release|Any CPU.ActiveCfg = Release|Any CPU
		{987AAA3F-86D5-491B-8AFC-8E6EB433BCB1}.Release|Any CPU.Build.0 = Release|Any CPU
		{90B71738-B053-4A00-8073-F204C820BDD3}.Debug|Any CPU.ActiveCfg = Debug|Any CPU
		{90B71738-B053-4A00-8073-F204C820BDD3}.Debug|Any CPU.Build.0 = Debug|Any CPU
		{90B71738-B053-4A00-8073-F204C820BDD3}.Release|Any CPU.ActiveCfg = Release|Any CPU
		{90B71738-B053-4A00-8073-F204C820BDD3}.Release|Any CPU.Build.0 = Release|Any CPU
		{C1384447-084D-4F07-A92C-FECA86756526}.Debug|Any CPU.ActiveCfg = Debug|Any CPU
		{C1384447-084D-4F07-A92C-FECA86756526}.Debug|Any CPU.Build.0 = Debug|Any CPU
		{C1384447-084D-4F07-A92C-FECA86756526}.Release|Any CPU.ActiveCfg = Release|Any CPU
		{C1384447-084D-4F07-A92C-FECA86756526}.Release|Any CPU.Build.0 = Release|Any CPU
		{BCEA6ABA-3B5B-4BE5-B61A-77E5F714156A}.Debug|Any CPU.ActiveCfg = Debug|Any CPU
		{BCEA6ABA-3B5B-4BE5-B61A-77E5F714156A}.Debug|Any CPU.Build.0 = Debug|Any CPU
		{BCEA6ABA-3B5B-4BE5-B61A-77E5F714156A}.Release|Any CPU.ActiveCfg = Release|Any CPU
		{BCEA6ABA-3B5B-4BE5-B61A-77E5F714156A}.Release|Any CPU.Build.0 = Release|Any CPU
	EndGlobalSection
	GlobalSection(SolutionProperties) = preSolution
		HideSolutionNode = FALSE
	EndGlobalSection
	GlobalSection(NestedProjects) = preSolution
		{9BF106C5-86BC-4F0E-A7B5-59C629ACAE51} = {547F373A-232E-49EF-BD38-151D31750991}
		{B064B667-C308-462E-BB2D-B2D2CC994E44} = {547F373A-232E-49EF-BD38-151D31750991}
		{3F039034-CCFA-4E33-A163-885B07D161B8} = {547F373A-232E-49EF-BD38-151D31750991}
		{550354B7-40D4-40C0-B55A-EFCBB05B6D86} = {B9273E9F-DECC-4E64-8AB7-6A70C38E952A}
		{0F2F4DBF-9160-438F-B594-A14E35AEDF0E} = {B9273E9F-DECC-4E64-8AB7-6A70C38E952A}
		{33F738D1-B9B3-4832-BA2E-2F1546193892} = {B9273E9F-DECC-4E64-8AB7-6A70C38E952A}
	EndGlobalSection
	GlobalSection(ExtensibilityGlobals) = postSolution
		SolutionGuid = {C8C29588-C6E3-47E4-972C-66F9BEE6F6F6}
	EndGlobalSection
EndGlobal
